// !$*UTF8*$!
{
	archiveVersion = 1;
	classes = {
	};
	objectVersion = 50;
	objects = {

/* Begin PBXBuildFile section */
		8F8E051627551D39000CD8DB /* BrandModel.swift in Sources */ = {isa = PBXBuildFile; fileRef = 8F8E051527551D39000CD8DB /* BrandModel.swift */; };
		8FD802712754276300E25A29 /* CategoryModel.swift in Sources */ = {isa = PBXBuildFile; fileRef = 8FD802702754276300E25A29 /* CategoryModel.swift */; };
		8FD8027327542A7400E25A29 /* CategoryItemView.swift in Sources */ = {isa = PBXBuildFile; fileRef = 8FD8027227542A7400E25A29 /* CategoryItemView.swift */; };
		8FD8027527542F0B00E25A29 /* CategoryGridView.swift in Sources */ = {isa = PBXBuildFile; fileRef = 8FD8027427542F0B00E25A29 /* CategoryGridView.swift */; };
		8FD802772754346900E25A29 /* SectionView.swift in Sources */ = {isa = PBXBuildFile; fileRef = 8FD802762754346900E25A29 /* SectionView.swift */; };
		8FD802792754BE8900E25A29 /* TitleView.swift in Sources */ = {isa = PBXBuildFile; fileRef = 8FD802782754BE8900E25A29 /* TitleView.swift */; };
		8FD8027B2754C30400E25A29 /* ProductModel.swift in Sources */ = {isa = PBXBuildFile; fileRef = 8FD8027A2754C30400E25A29 /* ProductModel.swift */; };
		8FD8027D2754C4E600E25A29 /* ProductItemView.swift in Sources */ = {isa = PBXBuildFile; fileRef = 8FD8027C2754C4E600E25A29 /* ProductItemView.swift */; };
		E05B138F26BD6BAF00920AD6 /* Constant.swift in Sources */ = {isa = PBXBuildFile; fileRef = E05B138E26BD6BAF00920AD6 /* Constant.swift */; };
		E07E952426BF266A0085D0FB /* FooterView.swift in Sources */ = {isa = PBXBuildFile; fileRef = E07E952326BF266A0085D0FB /* FooterView.swift */; };
		E07E952626BF39CE0085D0FB /* NavigationBarView.swift in Sources */ = {isa = PBXBuildFile; fileRef = E07E952526BF39CE0085D0FB /* NavigationBarView.swift */; };
		E07E952826BF3E1F0085D0FB /* LogoView.swift in Sources */ = {isa = PBXBuildFile; fileRef = E07E952726BF3E1F0085D0FB /* LogoView.swift */; };
		E07E952E26BF51910085D0FB /* CodableBundleExtension.swift in Sources */ = {isa = PBXBuildFile; fileRef = E07E952D26BF51910085D0FB /* CodableBundleExtension.swift */; };
		E07E953026BF51BA0085D0FB /* PlayerModel.swift in Sources */ = {isa = PBXBuildFile; fileRef = E07E952F26BF51BA0085D0FB /* PlayerModel.swift */; };
		E07E953226BF55CF0085D0FB /* FeaturedItemView.swift in Sources */ = {isa = PBXBuildFile; fileRef = E07E953126BF55CF0085D0FB /* FeaturedItemView.swift */; };
		E07E953426BF56F20085D0FB /* FeaturedTabView.swift in Sources */ = {isa = PBXBuildFile; fileRef = E07E953326BF56F20085D0FB /* FeaturedTabView.swift */; };
		E08045B526B7D787007D8CFD /* TouchdownApp.swift in Sources */ = {isa = PBXBuildFile; fileRef = E08045B426B7D787007D8CFD /* TouchdownApp.swift */; };
		E08045B726B7D787007D8CFD /* ContentView.swift in Sources */ = {isa = PBXBuildFile; fileRef = E08045B626B7D787007D8CFD /* ContentView.swift */; };
		E08045B926B7D78B007D8CFD /* Assets.xcassets in Resources */ = {isa = PBXBuildFile; fileRef = E08045B826B7D78B007D8CFD /* Assets.xcassets */; };
		E08045BC26B7D78B007D8CFD /* Preview Assets.xcassets in Resources */ = {isa = PBXBuildFile; fileRef = E08045BB26B7D78B007D8CFD /* Preview Assets.xcassets */; };
		E08045C726B7E80C007D8CFD /* player.json in Resources */ = {isa = PBXBuildFile; fileRef = E08045C326B7E80C007D8CFD /* player.json */; };
		E08045C826B7E80C007D8CFD /* brand.json in Resources */ = {isa = PBXBuildFile; fileRef = E08045C426B7E80C007D8CFD /* brand.json */; };
		E08045C926B7E80C007D8CFD /* product.json in Resources */ = {isa = PBXBuildFile; fileRef = E08045C526B7E80C007D8CFD /* product.json */; };
		E08045CA26B7E80C007D8CFD /* category.json in Resources */ = {isa = PBXBuildFile; fileRef = E08045C626B7E80C007D8CFD /* category.json */; };
/* End PBXBuildFile section */

/* Begin PBXFileReference section */
		8F8E051527551D39000CD8DB /* BrandModel.swift */ = {isa = PBXFileReference; lastKnownFileType = sourcecode.swift; path = BrandModel.swift; sourceTree = "<group>"; };
		8FD802702754276300E25A29 /* CategoryModel.swift */ = {isa = PBXFileReference; lastKnownFileType = sourcecode.swift; path = CategoryModel.swift; sourceTree = "<group>"; };
		8FD8027227542A7400E25A29 /* CategoryItemView.swift */ = {isa = PBXFileReference; lastKnownFileType = sourcecode.swift; path = CategoryItemView.swift; sourceTree = "<group>"; };
		8FD8027427542F0B00E25A29 /* CategoryGridView.swift */ = {isa = PBXFileReference; lastKnownFileType = sourcecode.swift; path = CategoryGridView.swift; sourceTree = "<group>"; };
		8FD802762754346900E25A29 /* SectionView.swift */ = {isa = PBXFileReference; lastKnownFileType = sourcecode.swift; path = SectionView.swift; sourceTree = "<group>"; };
		8FD802782754BE8900E25A29 /* TitleView.swift */ = {isa = PBXFileReference; lastKnownFileType = sourcecode.swift; path = TitleView.swift; sourceTree = "<group>"; };
		8FD8027A2754C30400E25A29 /* ProductModel.swift */ = {isa = PBXFileReference; lastKnownFileType = sourcecode.swift; path = ProductModel.swift; sourceTree = "<group>"; };
		8FD8027C2754C4E600E25A29 /* ProductItemView.swift */ = {isa = PBXFileReference; lastKnownFileType = sourcecode.swift; path = ProductItemView.swift; sourceTree = "<group>"; };
		E05B138E26BD6BAF00920AD6 /* Constant.swift */ = {isa = PBXFileReference; lastKnownFileType = sourcecode.swift; path = Constant.swift; sourceTree = "<group>"; };
		E07E952326BF266A0085D0FB /* FooterView.swift */ = {isa = PBXFileReference; lastKnownFileType = sourcecode.swift; path = FooterView.swift; sourceTree = "<group>"; };
		E07E952526BF39CE0085D0FB /* NavigationBarView.swift */ = {isa = PBXFileReference; lastKnownFileType = sourcecode.swift; path = NavigationBarView.swift; sourceTree = "<group>"; };
		E07E952726BF3E1F0085D0FB /* LogoView.swift */ = {isa = PBXFileReference; lastKnownFileType = sourcecode.swift; path = LogoView.swift; sourceTree = "<group>"; };
		E07E952D26BF51910085D0FB /* CodableBundleExtension.swift */ = {isa = PBXFileReference; lastKnownFileType = sourcecode.swift; path = CodableBundleExtension.swift; sourceTree = "<group>"; };
		E07E952F26BF51BA0085D0FB /* PlayerModel.swift */ = {isa = PBXFileReference; lastKnownFileType = sourcecode.swift; path = PlayerModel.swift; sourceTree = "<group>"; };
		E07E953126BF55CF0085D0FB /* FeaturedItemView.swift */ = {isa = PBXFileReference; lastKnownFileType = sourcecode.swift; path = FeaturedItemView.swift; sourceTree = "<group>"; };
		E07E953326BF56F20085D0FB /* FeaturedTabView.swift */ = {isa = PBXFileReference; lastKnownFileType = sourcecode.swift; path = FeaturedTabView.swift; sourceTree = "<group>"; };
		E08045B126B7D787007D8CFD /* Touchdown.app */ = {isa = PBXFileReference; explicitFileType = wrapper.application; includeInIndex = 0; path = Touchdown.app; sourceTree = BUILT_PRODUCTS_DIR; };
		E08045B426B7D787007D8CFD /* TouchdownApp.swift */ = {isa = PBXFileReference; lastKnownFileType = sourcecode.swift; path = TouchdownApp.swift; sourceTree = "<group>"; };
		E08045B626B7D787007D8CFD /* ContentView.swift */ = {isa = PBXFileReference; lastKnownFileType = sourcecode.swift; path = ContentView.swift; sourceTree = "<group>"; };
		E08045B826B7D78B007D8CFD /* Assets.xcassets */ = {isa = PBXFileReference; lastKnownFileType = folder.assetcatalog; path = Assets.xcassets; sourceTree = "<group>"; };
		E08045BB26B7D78B007D8CFD /* Preview Assets.xcassets */ = {isa = PBXFileReference; lastKnownFileType = folder.assetcatalog; path = "Preview Assets.xcassets"; sourceTree = "<group>"; };
		E08045BD26B7D78B007D8CFD /* Info.plist */ = {isa = PBXFileReference; lastKnownFileType = text.plist.xml; path = Info.plist; sourceTree = "<group>"; };
		E08045C326B7E80C007D8CFD /* player.json */ = {isa = PBXFileReference; fileEncoding = 4; lastKnownFileType = text.json; path = player.json; sourceTree = "<group>"; };
		E08045C426B7E80C007D8CFD /* brand.json */ = {isa = PBXFileReference; fileEncoding = 4; lastKnownFileType = text.json; path = brand.json; sourceTree = "<group>"; };
		E08045C526B7E80C007D8CFD /* product.json */ = {isa = PBXFileReference; fileEncoding = 4; lastKnownFileType = text.json; path = product.json; sourceTree = "<group>"; };
		E08045C626B7E80C007D8CFD /* category.json */ = {isa = PBXFileReference; fileEncoding = 4; lastKnownFileType = text.json; path = category.json; sourceTree = "<group>"; };
/* End PBXFileReference section */

/* Begin PBXFrameworksBuildPhase section */
		E08045AE26B7D787007D8CFD /* Frameworks */ = {
			isa = PBXFrameworksBuildPhase;
			buildActionMask = 2147483647;
			files = (
			);
			runOnlyForDeploymentPostprocessing = 0;
		};
/* End PBXFrameworksBuildPhase section */

/* Begin PBXGroup section */
		E05B138726BD6A1B00920AD6 /* Utility */ = {
			isa = PBXGroup;
			children = (
				E05B138E26BD6BAF00920AD6 /* Constant.swift */,
			);
			path = Utility;
			sourceTree = "<group>";
		};
		E05B138826BD6A2B00920AD6 /* Extension */ = {
			isa = PBXGroup;
			children = (
				E07E952D26BF51910085D0FB /* CodableBundleExtension.swift */,
			);
			path = Extension;
			sourceTree = "<group>";
		};
		E05B138926BD6A3F00920AD6 /* Model */ = {
			isa = PBXGroup;
			children = (
				E07E952F26BF51BA0085D0FB /* PlayerModel.swift */,
				8FD802702754276300E25A29 /* CategoryModel.swift */,
				8FD8027A2754C30400E25A29 /* ProductModel.swift */,
				8F8E051527551D39000CD8DB /* BrandModel.swift */,
			);
			path = Model;
			sourceTree = "<group>";
		};
		E05B138A26BD6A5800920AD6 /* App */ = {
			isa = PBXGroup;
			children = (
				E08045B426B7D787007D8CFD /* TouchdownApp.swift */,
				E08045B626B7D787007D8CFD /* ContentView.swift */,
			);
			path = App;
			sourceTree = "<group>";
		};
		E05B138B26BD6A9400920AD6 /* View */ = {
			isa = PBXGroup;
			children = (
				E05B138D26BD6ABD00920AD6 /* Home */,
				E05B138C26BD6AAC00920AD6 /* Detail */,
			);
			path = View;
			sourceTree = "<group>";
		};
		E05B138C26BD6AAC00920AD6 /* Detail */ = {
			isa = PBXGroup;
			children = (
			);
			path = Detail;
			sourceTree = "<group>";
		};
		E05B138D26BD6ABD00920AD6 /* Home */ = {
			isa = PBXGroup;
			children = (
				E07E952326BF266A0085D0FB /* FooterView.swift */,
				E07E952526BF39CE0085D0FB /* NavigationBarView.swift */,
				E07E952726BF3E1F0085D0FB /* LogoView.swift */,
				E07E953126BF55CF0085D0FB /* FeaturedItemView.swift */,
				E07E953326BF56F20085D0FB /* FeaturedTabView.swift */,
				8FD8027227542A7400E25A29 /* CategoryItemView.swift */,
				8FD8027427542F0B00E25A29 /* CategoryGridView.swift */,
				8FD802762754346900E25A29 /* SectionView.swift */,
				8FD802782754BE8900E25A29 /* TitleView.swift */,
				8FD8027C2754C4E600E25A29 /* ProductItemView.swift */,
			);
			path = Home;
			sourceTree = "<group>";
		};
		E08045A826B7D787007D8CFD = {
			isa = PBXGroup;
			children = (
				E08045B326B7D787007D8CFD /* Touchdown */,
				E08045B226B7D787007D8CFD /* Products */,
			);
			sourceTree = "<group>";
		};
		E08045B226B7D787007D8CFD /* Products */ = {
			isa = PBXGroup;
			children = (
				E08045B126B7D787007D8CFD /* Touchdown.app */,
			);
			name = Products;
			sourceTree = "<group>";
		};
		E08045B326B7D787007D8CFD /* Touchdown */ = {
			isa = PBXGroup;
			children = (
				E05B138A26BD6A5800920AD6 /* App */,
				E05B138B26BD6A9400920AD6 /* View */,
				E08045CC26B7E83C007D8CFD /* Data */,
				E05B138926BD6A3F00920AD6 /* Model */,
				E05B138726BD6A1B00920AD6 /* Utility */,
				E05B138826BD6A2B00920AD6 /* Extension */,
				E08045B826B7D78B007D8CFD /* Assets.xcassets */,
				E08045BD26B7D78B007D8CFD /* Info.plist */,
				E08045BA26B7D78B007D8CFD /* Preview Content */,
			);
			path = Touchdown;
			sourceTree = "<group>";
		};
		E08045BA26B7D78B007D8CFD /* Preview Content */ = {
			isa = PBXGroup;
			children = (
				E08045BB26B7D78B007D8CFD /* Preview Assets.xcassets */,
			);
			path = "Preview Content";
			sourceTree = "<group>";
		};
		E08045CC26B7E83C007D8CFD /* Data */ = {
			isa = PBXGroup;
			children = (
				E08045C426B7E80C007D8CFD /* brand.json */,
				E08045C626B7E80C007D8CFD /* category.json */,
				E08045C326B7E80C007D8CFD /* player.json */,
				E08045C526B7E80C007D8CFD /* product.json */,
			);
			path = Data;
			sourceTree = "<group>";
		};
/* End PBXGroup section */

/* Begin PBXNativeTarget section */
		E08045B026B7D787007D8CFD /* Touchdown */ = {
			isa = PBXNativeTarget;
			buildConfigurationList = E08045C026B7D78B007D8CFD /* Build configuration list for PBXNativeTarget "Touchdown" */;
			buildPhases = (
				E08045AD26B7D787007D8CFD /* Sources */,
				E08045AE26B7D787007D8CFD /* Frameworks */,
				E08045AF26B7D787007D8CFD /* Resources */,
			);
			buildRules = (
			);
			dependencies = (
			);
			name = Touchdown;
			productName = Touchdown;
			productReference = E08045B126B7D787007D8CFD /* Touchdown.app */;
			productType = "com.apple.product-type.application";
		};
/* End PBXNativeTarget section */

/* Begin PBXProject section */
		E08045A926B7D787007D8CFD /* Project object */ = {
			isa = PBXProject;
			attributes = {
				LastSwiftUpdateCheck = 1250;
				LastUpgradeCheck = 1250;
				TargetAttributes = {
					E08045B026B7D787007D8CFD = {
						CreatedOnToolsVersion = 12.5.1;
					};
				};
			};
			buildConfigurationList = E08045AC26B7D787007D8CFD /* Build configuration list for PBXProject "Touchdown" */;
			compatibilityVersion = "Xcode 9.3";
			developmentRegion = en;
			hasScannedForEncodings = 0;
			knownRegions = (
				en,
				Base,
			);
			mainGroup = E08045A826B7D787007D8CFD;
			productRefGroup = E08045B226B7D787007D8CFD /* Products */;
			projectDirPath = "";
			projectRoot = "";
			targets = (
				E08045B026B7D787007D8CFD /* Touchdown */,
			);
		};
/* End PBXProject section */

/* Begin PBXResourcesBuildPhase section */
		E08045AF26B7D787007D8CFD /* Resources */ = {
			isa = PBXResourcesBuildPhase;
			buildActionMask = 2147483647;
			files = (
				E08045C726B7E80C007D8CFD /* player.json in Resources */,
				E08045C826B7E80C007D8CFD /* brand.json in Resources */,
				E08045BC26B7D78B007D8CFD /* Preview Assets.xcassets in Resources */,
				E08045CA26B7E80C007D8CFD /* category.json in Resources */,
				E08045B926B7D78B007D8CFD /* Assets.xcassets in Resources */,
				E08045C926B7E80C007D8CFD /* product.json in Resources */,
			);
			runOnlyForDeploymentPostprocessing = 0;
		};
/* End PBXResourcesBuildPhase section */

/* Begin PBXSourcesBuildPhase section */
		E08045AD26B7D787007D8CFD /* Sources */ = {
			isa = PBXSourcesBuildPhase;
			buildActionMask = 2147483647;
			files = (
				E07E952E26BF51910085D0FB /* CodableBundleExtension.swift in Sources */,
				E08045B726B7D787007D8CFD /* ContentView.swift in Sources */,
				E07E953026BF51BA0085D0FB /* PlayerModel.swift in Sources */,
				E07E952826BF3E1F0085D0FB /* LogoView.swift in Sources */,
				E07E953226BF55CF0085D0FB /* FeaturedItemView.swift in Sources */,
				8FD8027D2754C4E600E25A29 /* ProductItemView.swift in Sources */,
				E07E952426BF266A0085D0FB /* FooterView.swift in Sources */,
				E07E952626BF39CE0085D0FB /* NavigationBarView.swift in Sources */,
				8FD8027527542F0B00E25A29 /* CategoryGridView.swift in Sources */,
				8FD802712754276300E25A29 /* CategoryModel.swift in Sources */,
				E08045B526B7D787007D8CFD /* TouchdownApp.swift in Sources */,
				8FD802772754346900E25A29 /* SectionView.swift in Sources */,
				8FD8027327542A7400E25A29 /* CategoryItemView.swift in Sources */,
				E07E953426BF56F20085D0FB /* FeaturedTabView.swift in Sources */,
				E05B138F26BD6BAF00920AD6 /* Constant.swift in Sources */,
				8F8E051627551D39000CD8DB /* BrandModel.swift in Sources */,
				8FD802792754BE8900E25A29 /* TitleView.swift in Sources */,
				8FD8027B2754C30400E25A29 /* ProductModel.swift in Sources */,
			);
			runOnlyForDeploymentPostprocessing = 0;
		};
/* End PBXSourcesBuildPhase section */

/* Begin XCBuildConfiguration section */
		E08045BE26B7D78B007D8CFD /* Debug */ = {
			isa = XCBuildConfiguration;
			buildSettings = {
				ALWAYS_SEARCH_USER_PATHS = NO;
				CLANG_ANALYZER_NONNULL = YES;
				CLANG_ANALYZER_NUMBER_OBJECT_CONVERSION = YES_AGGRESSIVE;
				CLANG_CXX_LANGUAGE_STANDARD = "gnu++14";
				CLANG_CXX_LIBRARY = "libc++";
				CLANG_ENABLE_MODULES = YES;
				CLANG_ENABLE_OBJC_ARC = YES;
				CLANG_ENABLE_OBJC_WEAK = YES;
				CLANG_WARN_BLOCK_CAPTURE_AUTORELEASING = YES;
				CLANG_WARN_BOOL_CONVERSION = YES;
				CLANG_WARN_COMMA = YES;
				CLANG_WARN_CONSTANT_CONVERSION = YES;
				CLANG_WARN_DEPRECATED_OBJC_IMPLEMENTATIONS = YES;
				CLANG_WARN_DIRECT_OBJC_ISA_USAGE = YES_ERROR;
				CLANG_WARN_DOCUMENTATION_COMMENTS = YES;
				CLANG_WARN_EMPTY_BODY = YES;
				CLANG_WARN_ENUM_CONVERSION = YES;
				CLANG_WARN_INFINITE_RECURSION = YES;
				CLANG_WARN_INT_CONVERSION = YES;
				CLANG_WARN_NON_LITERAL_NULL_CONVERSION = YES;
				CLANG_WARN_OBJC_IMPLICIT_RETAIN_SELF = YES;
				CLANG_WARN_OBJC_LITERAL_CONVERSION = YES;
				CLANG_WARN_OBJC_ROOT_CLASS = YES_ERROR;
				CLANG_WARN_QUOTED_INCLUDE_IN_FRAMEWORK_HEADER = YES;
				CLANG_WARN_RANGE_LOOP_ANALYSIS = YES;
				CLANG_WARN_STRICT_PROTOTYPES = YES;
				CLANG_WARN_SUSPICIOUS_MOVE = YES;
				CLANG_WARN_UNGUARDED_AVAILABILITY = YES_AGGRESSIVE;
				CLANG_WARN_UNREACHABLE_CODE = YES;
				CLANG_WARN__DUPLICATE_METHOD_MATCH = YES;
				COPY_PHASE_STRIP = NO;
				DEBUG_INFORMATION_FORMAT = dwarf;
				ENABLE_STRICT_OBJC_MSGSEND = YES;
				ENABLE_TESTABILITY = YES;
				GCC_C_LANGUAGE_STANDARD = gnu11;
				GCC_DYNAMIC_NO_PIC = NO;
				GCC_NO_COMMON_BLOCKS = YES;
				GCC_OPTIMIZATION_LEVEL = 0;
				GCC_PREPROCESSOR_DEFINITIONS = (
					"DEBUG=1",
					"$(inherited)",
				);
				GCC_WARN_64_TO_32_BIT_CONVERSION = YES;
				GCC_WARN_ABOUT_RETURN_TYPE = YES_ERROR;
				GCC_WARN_UNDECLARED_SELECTOR = YES;
				GCC_WARN_UNINITIALIZED_AUTOS = YES_AGGRESSIVE;
				GCC_WARN_UNUSED_FUNCTION = YES;
				GCC_WARN_UNUSED_VARIABLE = YES;
				IPHONEOS_DEPLOYMENT_TARGET = 14.5;
				MTL_ENABLE_DEBUG_INFO = INCLUDE_SOURCE;
				MTL_FAST_MATH = YES;
				ONLY_ACTIVE_ARCH = YES;
				SDKROOT = iphoneos;
				SWIFT_ACTIVE_COMPILATION_CONDITIONS = DEBUG;
				SWIFT_OPTIMIZATION_LEVEL = "-Onone";
			};
			name = Debug;
		};
		E08045BF26B7D78B007D8CFD /* Release */ = {
			isa = XCBuildConfiguration;
			buildSettings = {
				ALWAYS_SEARCH_USER_PATHS = NO;
				CLANG_ANALYZER_NONNULL = YES;
				CLANG_ANALYZER_NUMBER_OBJECT_CONVERSION = YES_AGGRESSIVE;
				CLANG_CXX_LANGUAGE_STANDARD = "gnu++14";
				CLANG_CXX_LIBRARY = "libc++";
				CLANG_ENABLE_MODULES = YES;
				CLANG_ENABLE_OBJC_ARC = YES;
				CLANG_ENABLE_OBJC_WEAK = YES;
				CLANG_WARN_BLOCK_CAPTURE_AUTORELEASING = YES;
				CLANG_WARN_BOOL_CONVERSION = YES;
				CLANG_WARN_COMMA = YES;
				CLANG_WARN_CONSTANT_CONVERSION = YES;
				CLANG_WARN_DEPRECATED_OBJC_IMPLEMENTATIONS = YES;
				CLANG_WARN_DIRECT_OBJC_ISA_USAGE = YES_ERROR;
				CLANG_WARN_DOCUMENTATION_COMMENTS = YES;
				CLANG_WARN_EMPTY_BODY = YES;
				CLANG_WARN_ENUM_CONVERSION = YES;
				CLANG_WARN_INFINITE_RECURSION = YES;
				CLANG_WARN_INT_CONVERSION = YES;
				CLANG_WARN_NON_LITERAL_NULL_CONVERSION = YES;
				CLANG_WARN_OBJC_IMPLICIT_RETAIN_SELF = YES;
				CLANG_WARN_OBJC_LITERAL_CONVERSION = YES;
				CLANG_WARN_OBJC_ROOT_CLASS = YES_ERROR;
				CLANG_WARN_QUOTED_INCLUDE_IN_FRAMEWORK_HEADER = YES;
				CLANG_WARN_RANGE_LOOP_ANALYSIS = YES;
				CLANG_WARN_STRICT_PROTOTYPES = YES;
				CLANG_WARN_SUSPICIOUS_MOVE = YES;
				CLANG_WARN_UNGUARDED_AVAILABILITY = YES_AGGRESSIVE;
				CLANG_WARN_UNREACHABLE_CODE = YES;
				CLANG_WARN__DUPLICATE_METHOD_MATCH = YES;
				COPY_PHASE_STRIP = NO;
				DEBUG_INFORMATION_FORMAT = "dwarf-with-dsym";
				ENABLE_NS_ASSERTIONS = NO;
				ENABLE_STRICT_OBJC_MSGSEND = YES;
				GCC_C_LANGUAGE_STANDARD = gnu11;
				GCC_NO_COMMON_BLOCKS = YES;
				GCC_WARN_64_TO_32_BIT_CONVERSION = YES;
				GCC_WARN_ABOUT_RETURN_TYPE = YES_ERROR;
				GCC_WARN_UNDECLARED_SELECTOR = YES;
				GCC_WARN_UNINITIALIZED_AUTOS = YES_AGGRESSIVE;
				GCC_WARN_UNUSED_FUNCTION = YES;
				GCC_WARN_UNUSED_VARIABLE = YES;
				IPHONEOS_DEPLOYMENT_TARGET = 14.5;
				MTL_ENABLE_DEBUG_INFO = NO;
				MTL_FAST_MATH = YES;
				SDKROOT = iphoneos;
				SWIFT_COMPILATION_MODE = wholemodule;
				SWIFT_OPTIMIZATION_LEVEL = "-O";
				VALIDATE_PRODUCT = YES;
			};
			name = Release;
		};
		E08045C126B7D78B007D8CFD /* Debug */ = {
			isa = XCBuildConfiguration;
			buildSettings = {
				ASSETCATALOG_COMPILER_APPICON_NAME = AppIcon;
				ASSETCATALOG_COMPILER_GLOBAL_ACCENT_COLOR_NAME = AccentColor;
				CODE_SIGN_STYLE = Automatic;
				DEVELOPMENT_ASSET_PATHS = "\"Touchdown/Preview Content\"";
				ENABLE_PREVIEWS = YES;
				INFOPLIST_FILE = Touchdown/Info.plist;
				IPHONEOS_DEPLOYMENT_TARGET = 14.0;
				LD_RUNPATH_SEARCH_PATHS = (
					"$(inherited)",
					"@executable_path/Frameworks",
				);
				PRODUCT_BUNDLE_IDENTIFIER = com.dita.dev.Touchdown;
				PRODUCT_NAME = "$(TARGET_NAME)";
				SWIFT_VERSION = 5.0;
				TARGETED_DEVICE_FAMILY = "1,2";
			};
			name = Debug;
		};
		E08045C226B7D78B007D8CFD /* Release */ = {
			isa = XCBuildConfiguration;
			buildSettings = {
				ASSETCATALOG_COMPILER_APPICON_NAME = AppIcon;
				ASSETCATALOG_COMPILER_GLOBAL_ACCENT_COLOR_NAME = AccentColor;
				CODE_SIGN_STYLE = Automatic;
				DEVELOPMENT_ASSET_PATHS = "\"Touchdown/Preview Content\"";
				ENABLE_PREVIEWS = YES;
				INFOPLIST_FILE = Touchdown/Info.plist;
				IPHONEOS_DEPLOYMENT_TARGET = 14.0;
				LD_RUNPATH_SEARCH_PATHS = (
					"$(inherited)",
					"@executable_path/Frameworks",
				);
				PRODUCT_BUNDLE_IDENTIFIER = com.dita.dev.Touchdown;
				PRODUCT_NAME = "$(TARGET_NAME)";
				SWIFT_VERSION = 5.0;
				TARGETED_DEVICE_FAMILY = "1,2";
			};
			name = Release;
		};
/* End XCBuildConfiguration section */

/* Begin XCConfigurationList section */
		E08045AC26B7D787007D8CFD /* Build configuration list for PBXProject "Touchdown" */ = {
			isa = XCConfigurationList;
			buildConfigurations = (
				E08045BE26B7D78B007D8CFD /* Debug */,
				E08045BF26B7D78B007D8CFD /* Release */,
			);
			defaultConfigurationIsVisible = 0;
			defaultConfigurationName = Release;
		};
		E08045C026B7D78B007D8CFD /* Build configuration list for PBXNativeTarget "Touchdown" */ = {
			isa = XCConfigurationList;
			buildConfigurations = (
				E08045C126B7D78B007D8CFD /* Debug */,
				E08045C226B7D78B007D8CFD /* Release */,
			);
			defaultConfigurationIsVisible = 0;
			defaultConfigurationName = Release;
		};
/* End XCConfigurationList section */
	};
	rootObject = E08045A926B7D787007D8CFD /* Project object */;
}
